
Microsoft Visual Studio Solution File, Format Version 12.00
# Visual Studio 15
VisualStudioVersion = 15.0.28010.2026
MinimumVisualStudioVersion = 10.0.40219.1
Project("{FAE04EC0-301F-11D3-BF4B-00C04F79EFBC}") = "Common", "Common\Common.csproj", "{1324EA1C-75CC-4845-9700-C5EFBF975FF1}"
EndProject
Project("{FAE04EC0-301F-11D3-BF4B-00C04F79EFBC}") = "BusinessLayer", "Business Layer\BusinessLayer.csproj", "{10098F7D-E3AC-41B2-B1EC-C1AB9285EBF8}"
EndProject
Project("{FAE04EC0-301F-11D3-BF4B-00C04F79EFBC}") = "PresentationLayer", "Presentation Layer\PresentationLayer.csproj", "{3A539B4A-7592-4FED-B27E-C6CA25154BAD}"
EndProject
Project("{FAE04EC0-301F-11D3-BF4B-00C04F79EFBC}") = "DataLayer", "Data Layer\DataLayer.csproj", "{DFCA3436-189E-4615-808A-FC839DBA3B6C}"
EndProject
Project("{FAE04EC0-301F-11D3-BF4B-00C04F79EFBC}") = "Test", "Test\Test.csproj", "{7D61B2BC-27DB-4C02-8651-2BB13113054F}"
EndProject
Global
	GlobalSection(SolutionConfigurationPlatforms) = preSolution
		Debug|Any CPU = Debug|Any CPU
		Release|Any CPU = Release|Any CPU
	EndGlobalSection
	GlobalSection(ProjectConfigurationPlatforms) = postSolution
		{1324EA1C-75CC-4845-9700-C5EFBF975FF1}.Debug|Any CPU.ActiveCfg = Debug|Any CPU
		{1324EA1C-75CC-4845-9700-C5EFBF975FF1}.Debug|Any CPU.Build.0 = Debug|Any CPU
		{1324EA1C-75CC-4845-9700-C5EFBF975FF1}.Release|Any CPU.ActiveCfg = Release|Any CPU
		{1324EA1C-75CC-4845-9700-C5EFBF975FF1}.Release|Any CPU.Build.0 = Release|Any CPU
		{10098F7D-E3AC-41B2-B1EC-C1AB9285EBF8}.Debug|Any CPU.ActiveCfg = Debug|Any CPU
		{10098F7D-E3AC-41B2-B1EC-C1AB9285EBF8}.Debug|Any CPU.Build.0 = Debug|Any CPU
		{10098F7D-E3AC-41B2-B1EC-C1AB9285EBF8}.Release|Any CPU.ActiveCfg = Release|Any CPU
		{10098F7D-E3AC-41B2-B1EC-C1AB9285EBF8}.Release|Any CPU.Build.0 = Release|Any CPU
		{3A539B4A-7592-4FED-B27E-C6CA25154BAD}.Debug|Any CPU.ActiveCfg = Debug|Any CPU
		{3A539B4A-7592-4FED-B27E-C6CA25154BAD}.Debug|Any CPU.Build.0 = Debug|Any CPU
		{3A539B4A-7592-4FED-B27E-C6CA25154BAD}.Release|Any CPU.ActiveCfg = Release|Any CPU
		{3A539B4A-7592-4FED-B27E-C6CA25154BAD}.Release|Any CPU.Build.0 = Release|Any CPU
		{DFCA3436-189E-4615-808A-FC839DBA3B6C}.Debug|Any CPU.ActiveCfg = Debug|Any CPU
		{DFCA3436-189E-4615-808A-FC839DBA3B6C}.Debug|Any CPU.Build.0 = Debug|Any CPU
		{DFCA3436-189E-4615-808A-FC839DBA3B6C}.Release|Any CPU.ActiveCfg = Release|Any CPU
		{DFCA3436-189E-4615-808A-FC839DBA3B6C}.Release|Any CPU.Build.0 = Release|Any CPU
		{7D61B2BC-27DB-4C02-8651-2BB13113054F}.Debug|Any CPU.ActiveCfg = Debug|Any CPU
		{7D61B2BC-27DB-4C02-8651-2BB13113054F}.Debug|Any CPU.Build.0 = Debug|Any CPU
		{7D61B2BC-27DB-4C02-8651-2BB13113054F}.Release|Any CPU.ActiveCfg = Release|Any CPU
		{7D61B2BC-27DB-4C02-8651-2BB13113054F}.Release|Any CPU.Build.0 = Release|Any CPU
	EndGlobalSection
	GlobalSection(SolutionProperties) = preSolution
		HideSolutionNode = FALSE
	EndGlobalSection
	GlobalSection(ExtensibilityGlobals) = postSolution
		SolutionGuid = {414A2294-9E94-4BFE-B876-9F4C93F393D8}
	EndGlobalSection
EndGlobal
